
Microsoft Visual Studio Solution File, Format Version 12.00
# Visual Studio Version 16
VisualStudioVersion = 16.0.31205.134
MinimumVisualStudioVersion = 10.0.40219.1
Project("{9A19103F-16F7-4668-BE54-9A1E7A4F7556}") = "model", "..\model\model.csproj", "{AB033CD5-59B4-46CD-A129-EE8FE7595B59}"
EndProject
Project("{9A19103F-16F7-4668-BE54-9A1E7A4F7556}") = "service", "..\service\service.csproj", "{DCB89412-E22B-4C96-8FAB-6EF412C3D13D}"
EndProject
Project("{9A19103F-16F7-4668-BE54-9A1E7A4F7556}") = "util", "..\util\util.csproj", "{0229E22F-6F97-4880-9020-75916BE98E2D}"
EndProject
Project("{9A19103F-16F7-4668-BE54-9A1E7A4F7556}") = "dao", "..\dao\dao.csproj", "{9A1EE588-0759-406B-A9A5-0760D0680EE8}"
EndProject
Project("{FAE04EC0-301F-11D3-BF4B-00C04F79EFBC}") = "view", "..\view\view.csproj", "{12D73DCC-89B8-4E41-B588-0A2E9C295A1F}"
EndProject
Global
	GlobalSection(SolutionConfigurationPlatforms) = preSolution
		Debug|Any CPU = Debug|Any CPU
		Release|Any CPU = Release|Any CPU
	EndGlobalSection
	GlobalSection(ProjectConfigurationPlatforms) = postSolution
		{AB033CD5-59B4-46CD-A129-EE8FE7595B59}.Debug|Any CPU.ActiveCfg = Debug|Any CPU
		{AB033CD5-59B4-46CD-A129-EE8FE7595B59}.Debug|Any CPU.Build.0 = Debug|Any CPU
		{AB033CD5-59B4-46CD-A129-EE8FE7595B59}.Release|Any CPU.ActiveCfg = Release|Any CPU
		{AB033CD5-59B4-46CD-A129-EE8FE7595B59}.Release|Any CPU.Build.0 = Release|Any CPU
		{DCB89412-E22B-4C96-8FAB-6EF412C3D13D}.Debug|Any CPU.ActiveCfg = Debug|Any CPU
		{DCB89412-E22B-4C96-8FAB-6EF412C3D13D}.Debug|Any CPU.Build.0 = Debug|Any CPU
		{DCB89412-E22B-4C96-8FAB-6EF412C3D13D}.Release|Any CPU.ActiveCfg = Release|Any CPU
		{DCB89412-E22B-4C96-8FAB-6EF412C3D13D}.Release|Any CPU.Build.0 = Release|Any CPU
		{0229E22F-6F97-4880-9020-75916BE98E2D}.Debug|Any CPU.ActiveCfg = Debug|Any CPU
		{0229E22F-6F97-4880-9020-75916BE98E2D}.Debug|Any CPU.Build.0 = Debug|Any CPU
		{0229E22F-6F97-4880-9020-75916BE98E2D}.Release|Any CPU.ActiveCfg = Release|Any CPU
		{0229E22F-6F97-4880-9020-75916BE98E2D}.Release|Any CPU.Build.0 = Release|Any CPU
		{9A1EE588-0759-406B-A9A5-0760D0680EE8}.Debug|Any CPU.ActiveCfg = Debug|Any CPU
		{9A1EE588-0759-406B-A9A5-0760D0680EE8}.Debug|Any CPU.Build.0 = Debug|Any CPU
		{9A1EE588-0759-406B-A9A5-0760D0680EE8}.Release|Any CPU.ActiveCfg = Release|Any CPU
		{9A1EE588-0759-406B-A9A5-0760D0680EE8}.Release|Any CPU.Build.0 = Release|Any CPU
		{12D73DCC-89B8-4E41-B588-0A2E9C295A1F}.Debug|Any CPU.ActiveCfg = Debug|Any CPU
		{12D73DCC-89B8-4E41-B588-0A2E9C295A1F}.Debug|Any CPU.Build.0 = Debug|Any CPU
		{12D73DCC-89B8-4E41-B588-0A2E9C295A1F}.Release|Any CPU.ActiveCfg = Release|Any CPU
		{12D73DCC-89B8-4E41-B588-0A2E9C295A1F}.Release|Any CPU.Build.0 = Release|Any CPU
	EndGlobalSection
	GlobalSection(SolutionProperties) = preSolution
		HideSolutionNode = FALSE
	EndGlobalSection
	GlobalSection(ExtensibilityGlobals) = postSolution
		SolutionGuid = {09599FC5-357C-4C8D-AAEE-8ADCDBA6D248}
	EndGlobalSection
EndGlobal
